
Microsoft Visual Studio Solution File, Format Version 12.00
# Visual Studio Version 17
VisualStudioVersion = 17.11.35222.181
MinimumVisualStudioVersion = 10.0.40219.1
Project("{FAE04EC0-301F-11D3-BF4B-00C04F79EFBC}") = "SlotMachin", "SlotMachin.csproj", "{AEC39184-2F26-4E08-AF10-D4082C098E99}"
EndProject
Global
	GlobalSection(SolutionConfigurationPlatforms) = preSolution
		Debug|Any CPU = Debug|Any CPU
		Release|Any CPU = Release|Any CPU
	EndGlobalSection
	GlobalSection(ProjectConfigurationPlatforms) = postSolution
		{AEC39184-2F26-4E08-AF10-D4082C098E99}.Debug|Any CPU.ActiveCfg = Debug|Any CPU
		{AEC39184-2F26-4E08-AF10-D4082C098E99}.Debug|Any CPU.Build.0 = Debug|Any CPU
		{AEC39184-2F26-4E08-AF10-D4082C098E99}.Release|Any CPU.ActiveCfg = Release|Any CPU
		{AEC39184-2F26-4E08-AF10-D4082C098E99}.Release|Any CPU.Build.0 = Release|Any CPU
	EndGlobalSection
	GlobalSection(SolutionProperties) = preSolution
		HideSolutionNode = FALSE
	EndGlobalSection
	GlobalSection(ExtensibilityGlobals) = postSolution
		SolutionGuid = {4121ED19-1741-4A65-8AA8-A480B857EFBC}
	EndGlobalSection
EndGlobal
